
Microsoft Visual Studio Solution File, Format Version 12.00
# Visual Studio Version 17
VisualStudioVersion = 17.14.36908.2
MinimumVisualStudioVersion = 10.0.40219.1
Project("{FAE04EC0-301F-11D3-BF4B-00C04F79EFBC}") = "JobAnalyzer", "JobAnalyzer\JobAnalyzer.csproj", "{2E551368-AE56-47B6-BAC0-F2C1CA097486}"
EndProject
Project("{FAE04EC0-301F-11D3-BF4B-00C04F79EFBC}") = "BLL", "BLL\BLL.csproj", "{AF953B96-BCCA-4E69-A1B7-536FE41D9B85}"
EndProject
Global
	GlobalSection(SolutionConfigurationPlatforms) = preSolution
		Debug|Any CPU = Debug|Any CPU
		Release|Any CPU = Release|Any CPU
	EndGlobalSection
	GlobalSection(ProjectConfigurationPlatforms) = postSolution
		{2E551368-AE56-47B6-BAC0-F2C1CA097486}.Debug|Any CPU.ActiveCfg = Debug|Any CPU
		{2E551368-AE56-47B6-BAC0-F2C1CA097486}.Debug|Any CPU.Build.0 = Debug|Any CPU
		{2E551368-AE56-47B6-BAC0-F2C1CA097486}.Release|Any CPU.ActiveCfg = Release|Any CPU
		{2E551368-AE56-47B6-BAC0-F2C1CA097486}.Release|Any CPU.Build.0 = Release|Any CPU
		{AF953B96-BCCA-4E69-A1B7-536FE41D9B85}.Debug|Any CPU.ActiveCfg = Debug|Any CPU
		{AF953B96-BCCA-4E69-A1B7-536FE41D9B85}.Debug|Any CPU.Build.0 = Debug|Any CPU
		{AF953B96-BCCA-4E69-A1B7-536FE41D9B85}.Release|Any CPU.ActiveCfg = Release|Any CPU
		{AF953B96-BCCA-4E69-A1B7-536FE41D9B85}.Release|Any CPU.Build.0 = Release|Any CPU
	EndGlobalSection
	GlobalSection(SolutionProperties) = preSolution
		HideSolutionNode = FALSE
	EndGlobalSection
	GlobalSection(ExtensibilityGlobals) = postSolution
		SolutionGuid = {D1877755-7D78-4DE9-A546-E73870C08D1A}
	EndGlobalSection
EndGlobal
